
Microsoft Visual Studio Solution File, Format Version 12.00
# Visual Studio Version 16
VisualStudioVersion = 16.0.30907.101
MinimumVisualStudioVersion = 10.0.40219.1
Project("{FAE04EC0-301F-11D3-BF4B-00C04F79EFBC}") = "InstallerApp", "InstallerApp\InstallerApp.csproj", "{F1A39B12-35B8-4BE0-A8F3-F5C8C1001810}"
EndProject
Project("{FAE04EC0-301F-11D3-BF4B-00C04F79EFBC}") = "Shared", "Shared\Shared.csproj", "{C599F8F3-E111-458B-A987-68CC186F3438}"
EndProject
Project("{FAE04EC0-301F-11D3-BF4B-00C04F79EFBC}") = "Updater", "Updater\Updater.csproj", "{BC56C7DF-D9D2-4682-B161-5B5FACD87BEA}"
EndProject
Project("{FAE04EC0-301F-11D3-BF4B-00C04F79EFBC}") = "XmlBuilder", "XmlBuilder\XmlBuilder.csproj", "{FEF1E22A-625A-4204-8B08-01C1A35C39AD}"
EndProject
Project("{54435603-DBB4-11D2-8724-00A0C9A8B90C}") = "InstallerSetup", "InstallerSetup\InstallerSetup.vdproj", "{A3486F4F-8F8F-4283-BE66-9E209F59EBF3}"
EndProject
Project("{FAE04EC0-301F-11D3-BF4B-00C04F79EFBC}") = "InstallerService", "InstallerService\InstallerService.csproj", "{B2904D12-057B-44B5-B45F-CDBB3B097037}"
EndProject
Global
	GlobalSection(SolutionConfigurationPlatforms) = preSolution
		Debug|Any CPU = Debug|Any CPU
		Release|Any CPU = Release|Any CPU
	EndGlobalSection
	GlobalSection(ProjectConfigurationPlatforms) = postSolution
		{F1A39B12-35B8-4BE0-A8F3-F5C8C1001810}.Debug|Any CPU.ActiveCfg = Debug|Any CPU
		{F1A39B12-35B8-4BE0-A8F3-F5C8C1001810}.Debug|Any CPU.Build.0 = Debug|Any CPU
		{F1A39B12-35B8-4BE0-A8F3-F5C8C1001810}.Release|Any CPU.ActiveCfg = Release|Any CPU
		{F1A39B12-35B8-4BE0-A8F3-F5C8C1001810}.Release|Any CPU.Build.0 = Release|Any CPU
		{C599F8F3-E111-458B-A987-68CC186F3438}.Debug|Any CPU.ActiveCfg = Debug|Any CPU
		{C599F8F3-E111-458B-A987-68CC186F3438}.Debug|Any CPU.Build.0 = Debug|Any CPU
		{C599F8F3-E111-458B-A987-68CC186F3438}.Release|Any CPU.ActiveCfg = Release|Any CPU
		{C599F8F3-E111-458B-A987-68CC186F3438}.Release|Any CPU.Build.0 = Release|Any CPU
		{BC56C7DF-D9D2-4682-B161-5B5FACD87BEA}.Debug|Any CPU.ActiveCfg = Debug|Any CPU
		{BC56C7DF-D9D2-4682-B161-5B5FACD87BEA}.Debug|Any CPU.Build.0 = Debug|Any CPU
		{BC56C7DF-D9D2-4682-B161-5B5FACD87BEA}.Release|Any CPU.ActiveCfg = Release|Any CPU
		{BC56C7DF-D9D2-4682-B161-5B5FACD87BEA}.Release|Any CPU.Build.0 = Release|Any CPU
		{FEF1E22A-625A-4204-8B08-01C1A35C39AD}.Debug|Any CPU.ActiveCfg = Debug|Any CPU
		{FEF1E22A-625A-4204-8B08-01C1A35C39AD}.Debug|Any CPU.Build.0 = Debug|Any CPU
		{FEF1E22A-625A-4204-8B08-01C1A35C39AD}.Release|Any CPU.ActiveCfg = Release|Any CPU
		{FEF1E22A-625A-4204-8B08-01C1A35C39AD}.Release|Any CPU.Build.0 = Release|Any CPU
		{A3486F4F-8F8F-4283-BE66-9E209F59EBF3}.Debug|Any CPU.ActiveCfg = Debug
		{A3486F4F-8F8F-4283-BE66-9E209F59EBF3}.Release|Any CPU.ActiveCfg = Release
		{B2904D12-057B-44B5-B45F-CDBB3B097037}.Debug|Any CPU.ActiveCfg = Debug|Any CPU
		{B2904D12-057B-44B5-B45F-CDBB3B097037}.Debug|Any CPU.Build.0 = Debug|Any CPU
		{B2904D12-057B-44B5-B45F-CDBB3B097037}.Release|Any CPU.ActiveCfg = Release|Any CPU
		{B2904D12-057B-44B5-B45F-CDBB3B097037}.Release|Any CPU.Build.0 = Release|Any CPU
	EndGlobalSection
	GlobalSection(SolutionProperties) = preSolution
		HideSolutionNode = FALSE
	EndGlobalSection
	GlobalSection(ExtensibilityGlobals) = postSolution
		SolutionGuid = {C0343EBA-6BDB-40DE-B6A8-90D0BA7D7A27}
	EndGlobalSection
EndGlobal
